
Microsoft Visual Studio Solution File, Format Version 12.00
# Visual Studio Version 17
VisualStudioVersion = 17.9.34622.214
MinimumVisualStudioVersion = 10.0.40219.1
Project("{FAE04EC0-301F-11D3-BF4B-00C04F79EFBC}") = "Lab3_Threads", "Lab3_Threads.csproj", "{ADAA49AF-7A3E-4C63-99D4-199B5CA894E3}"
EndProject
Global
	GlobalSection(SolutionConfigurationPlatforms) = preSolution
		Debug|Any CPU = Debug|Any CPU
		Release|Any CPU = Release|Any CPU
	EndGlobalSection
	GlobalSection(ProjectConfigurationPlatforms) = postSolution
		{ADAA49AF-7A3E-4C63-99D4-199B5CA894E3}.Debug|Any CPU.ActiveCfg = Debug|Any CPU
		{ADAA49AF-7A3E-4C63-99D4-199B5CA894E3}.Debug|Any CPU.Build.0 = Debug|Any CPU
		{ADAA49AF-7A3E-4C63-99D4-199B5CA894E3}.Release|Any CPU.ActiveCfg = Release|Any CPU
		{ADAA49AF-7A3E-4C63-99D4-199B5CA894E3}.Release|Any CPU.Build.0 = Release|Any CPU
	EndGlobalSection
	GlobalSection(SolutionProperties) = preSolution
		HideSolutionNode = FALSE
	EndGlobalSection
	GlobalSection(ExtensibilityGlobals) = postSolution
		SolutionGuid = {DE0F3355-B128-4976-98D8-07042D8E624D}
	EndGlobalSection
EndGlobal
