
Microsoft Visual Studio Solution File, Format Version 12.00
# Visual Studio Version 17
VisualStudioVersion = 17.9.34728.123
MinimumVisualStudioVersion = 10.0.40219.1
Project("{FAE04EC0-301F-11D3-BF4B-00C04F79EFBC}") = "MovieRaitingBlazorApp", "MovieRaitingBlazorApp.csproj", "{03699F2C-8B25-42AC-8FB1-2959DB6051BD}"
EndProject
Global
	GlobalSection(SolutionConfigurationPlatforms) = preSolution
		Debug|Any CPU = Debug|Any CPU
		Release|Any CPU = Release|Any CPU
	EndGlobalSection
	GlobalSection(ProjectConfigurationPlatforms) = postSolution
		{03699F2C-8B25-42AC-8FB1-2959DB6051BD}.Debug|Any CPU.ActiveCfg = Debug|Any CPU
		{03699F2C-8B25-42AC-8FB1-2959DB6051BD}.Debug|Any CPU.Build.0 = Debug|Any CPU
		{03699F2C-8B25-42AC-8FB1-2959DB6051BD}.Release|Any CPU.ActiveCfg = Release|Any CPU
		{03699F2C-8B25-42AC-8FB1-2959DB6051BD}.Release|Any CPU.Build.0 = Release|Any CPU
	EndGlobalSection
	GlobalSection(SolutionProperties) = preSolution
		HideSolutionNode = FALSE
	EndGlobalSection
	GlobalSection(ExtensibilityGlobals) = postSolution
		SolutionGuid = {50AF8B00-2369-48E6-9109-ADB4D4177DC9}
	EndGlobalSection
EndGlobal
